// !$*UTF8*$!
{
	archiveVersion = 1;
	classes = {
	};
	objectVersion = 46;
	objects = {

/* Begin PBXBuildFile section */
		71481BEC1ECA97E100C877DA /* RMUrlRouteList.m in Sources */ = {isa = PBXBuildFile; fileRef = 71481BEB1ECA97E100C877DA /* RMUrlRouteList.m */; };
		71481BF11ECADB5800C877DA /* RMWebViewController.m in Sources */ = {isa = PBXBuildFile; fileRef = 71481BF01ECADB5800C877DA /* RMWebViewController.m */; };
		71481BF41ECADFC100C877DA /* UIApplication+RMExtension.m in Sources */ = {isa = PBXBuildFile; fileRef = 71481BF31ECADFC100C877DA /* UIApplication+RMExtension.m */; };
		71481BF71ECAF57A00C877DA /* NSObject+RMRuntime.m in Sources */ = {isa = PBXBuildFile; fileRef = 71481BF61ECAF57A00C877DA /* NSObject+RMRuntime.m */; };
		71481BFA1ECAFF5B00C877DA /* FirstViewController.m in Sources */ = {isa = PBXBuildFile; fileRef = 71481BF91ECAFF5B00C877DA /* FirstViewController.m */; };
		71481BFD1ECAFF6C00C877DA /* SecondViewController.m in Sources */ = {isa = PBXBuildFile; fileRef = 71481BFC1ECAFF6C00C877DA /* SecondViewController.m */; };
		7154A2EF1EC9D03F00EB20A1 /* main.m in Sources */ = {isa = PBXBuildFile; fileRef = 7154A2EE1EC9D03F00EB20A1 /* main.m */; };
		7154A2F21EC9D03F00EB20A1 /* AppDelegate.m in Sources */ = {isa = PBXBuildFile; fileRef = 7154A2F11EC9D03F00EB20A1 /* AppDelegate.m */; };
		7154A2F51EC9D03F00EB20A1 /* ViewController.m in Sources */ = {isa = PBXBuildFile; fileRef = 7154A2F41EC9D03F00EB20A1 /* ViewController.m */; };
		7154A2F81EC9D03F00EB20A1 /* Main.storyboard in Resources */ = {isa = PBXBuildFile; fileRef = 7154A2F61EC9D03F00EB20A1 /* Main.storyboard */; };
		7154A2FA1EC9D03F00EB20A1 /* Assets.xcassets in Resources */ = {isa = PBXBuildFile; fileRef = 7154A2F91EC9D03F00EB20A1 /* Assets.xcassets */; };
		7154A2FD1EC9D03F00EB20A1 /* LaunchScreen.storyboard in Resources */ = {isa = PBXBuildFile; fileRef = 7154A2FB1EC9D03F00EB20A1 /* LaunchScreen.storyboard */; };
		7154A3081EC9D03F00EB20A1 /* RMUrlRouterTests.m in Sources */ = {isa = PBXBuildFile; fileRef = 7154A3071EC9D03F00EB20A1 /* RMUrlRouterTests.m */; };
		7154A3131EC9D03F00EB20A1 /* RMUrlRouterUITests.m in Sources */ = {isa = PBXBuildFile; fileRef = 7154A3121EC9D03F00EB20A1 /* RMUrlRouterUITests.m */; };
		7154A3391EC9D7BD00EB20A1 /* RMUrlRouteCenter.m in Sources */ = {isa = PBXBuildFile; fileRef = 7154A3381EC9D7BD00EB20A1 /* RMUrlRouteCenter.m */; };
		7154A3421EC9E0E700EB20A1 /* UIAlertView+RMExtension.m in Sources */ = {isa = PBXBuildFile; fileRef = 7154A3411EC9E0E700EB20A1 /* UIAlertView+RMExtension.m */; };
		7154A3451EC9E28300EB20A1 /* RMUrlRouteHelper.m in Sources */ = {isa = PBXBuildFile; fileRef = 7154A3441EC9E28300EB20A1 /* RMUrlRouteHelper.m */; };
/* End PBXBuildFile section */

/* Begin PBXContainerItemProxy section */
		7154A3041EC9D03F00EB20A1 /* PBXContainerItemProxy */ = {
			isa = PBXContainerItemProxy;
			containerPortal = 7154A2E21EC9D03F00EB20A1 /* Project object */;
			proxyType = 1;
			remoteGlobalIDString = 7154A2E91EC9D03F00EB20A1;
			remoteInfo = RMUrlRouter;
		};
		7154A30F1EC9D03F00EB20A1 /* PBXContainerItemProxy */ = {
			isa = PBXContainerItemProxy;
			containerPortal = 7154A2E21EC9D03F00EB20A1 /* Project object */;
			proxyType = 1;
			remoteGlobalIDString = 7154A2E91EC9D03F00EB20A1;
			remoteInfo = RMUrlRouter;
		};
/* End PBXContainerItemProxy section */

/* Begin PBXFileReference section */
		71481BEA1ECA97E100C877DA /* RMUrlRouteList.h */ = {isa = PBXFileReference; fileEncoding = 4; lastKnownFileType = sourcecode.c.h; path = RMUrlRouteList.h; sourceTree = "<group>"; };
		71481BEB1ECA97E100C877DA /* RMUrlRouteList.m */ = {isa = PBXFileReference; fileEncoding = 4; lastKnownFileType = sourcecode.c.objc; path = RMUrlRouteList.m; sourceTree = "<group>"; };
		71481BED1ECAB1E000C877DA /* RMUrlRoute.h */ = {isa = PBXFileReference; lastKnownFileType = sourcecode.c.h; path = RMUrlRoute.h; sourceTree = "<group>"; };
		71481BEF1ECADB5800C877DA /* RMWebViewController.h */ = {isa = PBXFileReference; fileEncoding = 4; lastKnownFileType = sourcecode.c.h; path = RMWebViewController.h; sourceTree = "<group>"; };
		71481BF01ECADB5800C877DA /* RMWebViewController.m */ = {isa = PBXFileReference; fileEncoding = 4; lastKnownFileType = sourcecode.c.objc; path = RMWebViewController.m; sourceTree = "<group>"; };
		71481BF21ECADFC100C877DA /* UIApplication+RMExtension.h */ = {isa = PBXFileReference; fileEncoding = 4; lastKnownFileType = sourcecode.c.h; path = "UIApplication+RMExtension.h"; sourceTree = "<group>"; };
		71481BF31ECADFC100C877DA /* UIApplication+RMExtension.m */ = {isa = PBXFileReference; fileEncoding = 4; lastKnownFileType = sourcecode.c.objc; path = "UIApplication+RMExtension.m"; sourceTree = "<group>"; };
		71481BF51ECAF57A00C877DA /* NSObject+RMRuntime.h */ = {isa = PBXFileReference; fileEncoding = 4; lastKnownFileType = sourcecode.c.h; path = "NSObject+RMRuntime.h"; sourceTree = "<group>"; };
		71481BF61ECAF57A00C877DA /* NSObject+RMRuntime.m */ = {isa = PBXFileReference; fileEncoding = 4; lastKnownFileType = sourcecode.c.objc; path = "NSObject+RMRuntime.m"; sourceTree = "<group>"; };
		71481BF81ECAFF5B00C877DA /* FirstViewController.h */ = {isa = PBXFileReference; fileEncoding = 4; lastKnownFileType = sourcecode.c.h; path = FirstViewController.h; sourceTree = "<group>"; };
		71481BF91ECAFF5B00C877DA /* FirstViewController.m */ = {isa = PBXFileReference; fileEncoding = 4; lastKnownFileType = sourcecode.c.objc; path = FirstViewController.m; sourceTree = "<group>"; };
		71481BFB1ECAFF6C00C877DA /* SecondViewController.h */ = {isa = PBXFileReference; fileEncoding = 4; lastKnownFileType = sourcecode.c.h; path = SecondViewController.h; sourceTree = "<group>"; };
		71481BFC1ECAFF6C00C877DA /* SecondViewController.m */ = {isa = PBXFileReference; fileEncoding = 4; lastKnownFileType = sourcecode.c.objc; path = SecondViewController.m; sourceTree = "<group>"; };
		7154A2EA1EC9D03F00EB20A1 /* RMUrlRouter.app */ = {isa = PBXFileReference; explicitFileType = wrapper.application; includeInIndex = 0; path = RMUrlRouter.app; sourceTree = BUILT_PRODUCTS_DIR; };
		7154A2EE1EC9D03F00EB20A1 /* main.m */ = {isa = PBXFileReference; lastKnownFileType = sourcecode.c.objc; path = main.m; sourceTree = "<group>"; };
		7154A2F01EC9D03F00EB20A1 /* AppDelegate.h */ = {isa = PBXFileReference; lastKnownFileType = sourcecode.c.h; path = AppDelegate.h; sourceTree = "<group>"; };
		7154A2F11EC9D03F00EB20A1 /* AppDelegate.m */ = {isa = PBXFileReference; lastKnownFileType = sourcecode.c.objc; path = AppDelegate.m; sourceTree = "<group>"; };
		7154A2F31EC9D03F00EB20A1 /* ViewController.h */ = {isa = PBXFileReference; lastKnownFileType = sourcecode.c.h; path = ViewController.h; sourceTree = "<group>"; };
		7154A2F41EC9D03F00EB20A1 /* ViewController.m */ = {isa = PBXFileReference; lastKnownFileType = sourcecode.c.objc; path = ViewController.m; sourceTree = "<group>"; };
		7154A2F71EC9D03F00EB20A1 /* Base */ = {isa = PBXFileReference; lastKnownFileType = file.storyboard; name = Base; path = Base.lproj/Main.storyboard; sourceTree = "<group>"; };
		7154A2F91EC9D03F00EB20A1 /* Assets.xcassets */ = {isa = PBXFileReference; lastKnownFileType = folder.assetcatalog; path = Assets.xcassets; sourceTree = "<group>"; };
		7154A2FC1EC9D03F00EB20A1 /* Base */ = {isa = PBXFileReference; lastKnownFileType = file.storyboard; name = Base; path = Base.lproj/LaunchScreen.storyboard; sourceTree = "<group>"; };
		7154A2FE1EC9D03F00EB20A1 /* Info.plist */ = {isa = PBXFileReference; lastKnownFileType = text.plist.xml; path = Info.plist; sourceTree = "<group>"; };
		7154A3031EC9D03F00EB20A1 /* RMUrlRouterTests.xctest */ = {isa = PBXFileReference; explicitFileType = wrapper.cfbundle; includeInIndex = 0; path = RMUrlRouterTests.xctest; sourceTree = BUILT_PRODUCTS_DIR; };
		7154A3071EC9D03F00EB20A1 /* RMUrlRouterTests.m */ = {isa = PBXFileReference; lastKnownFileType = sourcecode.c.objc; path = RMUrlRouterTests.m; sourceTree = "<group>"; };
		7154A3091EC9D03F00EB20A1 /* Info.plist */ = {isa = PBXFileReference; lastKnownFileType = text.plist.xml; path = Info.plist; sourceTree = "<group>"; };
		7154A30E1EC9D03F00EB20A1 /* RMUrlRouterUITests.xctest */ = {isa = PBXFileReference; explicitFileType = wrapper.cfbundle; includeInIndex = 0; path = RMUrlRouterUITests.xctest; sourceTree = BUILT_PRODUCTS_DIR; };
		7154A3121EC9D03F00EB20A1 /* RMUrlRouterUITests.m */ = {isa = PBXFileReference; lastKnownFileType = sourcecode.c.objc; path = RMUrlRouterUITests.m; sourceTree = "<group>"; };
		7154A3141EC9D03F00EB20A1 /* Info.plist */ = {isa = PBXFileReference; lastKnownFileType = text.plist.xml; path = Info.plist; sourceTree = "<group>"; };
		7154A3371EC9D7BD00EB20A1 /* RMUrlRouteCenter.h */ = {isa = PBXFileReference; fileEncoding = 4; lastKnownFileType = sourcecode.c.h; path = RMUrlRouteCenter.h; sourceTree = "<group>"; };
		7154A3381EC9D7BD00EB20A1 /* RMUrlRouteCenter.m */ = {isa = PBXFileReference; fileEncoding = 4; lastKnownFileType = sourcecode.c.objc; path = RMUrlRouteCenter.m; sourceTree = "<group>"; };
		7154A33B1EC9DC3F00EB20A1 /* RMUrlRouteConfig.h */ = {isa = PBXFileReference; lastKnownFileType = sourcecode.c.h; path = RMUrlRouteConfig.h; sourceTree = "<group>"; };
		7154A3401EC9E0E700EB20A1 /* UIAlertView+RMExtension.h */ = {isa = PBXFileReference; fileEncoding = 4; lastKnownFileType = sourcecode.c.h; path = "UIAlertView+RMExtension.h"; sourceTree = "<group>"; };
		7154A3411EC9E0E700EB20A1 /* UIAlertView+RMExtension.m */ = {isa = PBXFileReference; fileEncoding = 4; lastKnownFileType = sourcecode.c.objc; path = "UIAlertView+RMExtension.m"; sourceTree = "<group>"; };
		7154A3431EC9E28300EB20A1 /* RMUrlRouteHelper.h */ = {isa = PBXFileReference; fileEncoding = 4; lastKnownFileType = sourcecode.c.h; path = RMUrlRouteHelper.h; sourceTree = "<group>"; };
		7154A3441EC9E28300EB20A1 /* RMUrlRouteHelper.m */ = {isa = PBXFileReference; fileEncoding = 4; lastKnownFileType = sourcecode.c.objc; path = RMUrlRouteHelper.m; sourceTree = "<group>"; };
/* End PBXFileReference section */

/* Begin PBXFrameworksBuildPhase section */
		7154A2E71EC9D03F00EB20A1 /* Frameworks */ = {
			isa = PBXFrameworksBuildPhase;
			buildActionMask = 2147483647;
			files = (
			);
			runOnlyForDeploymentPostprocessing = 0;
		};
		7154A3001EC9D03F00EB20A1 /* Frameworks */ = {
			isa = PBXFrameworksBuildPhase;
			buildActionMask = 2147483647;
			files = (
			);
			runOnlyForDeploymentPostprocessing = 0;
		};
		7154A30B1EC9D03F00EB20A1 /* Frameworks */ = {
			isa = PBXFrameworksBuildPhase;
			buildActionMask = 2147483647;
			files = (
			);
			runOnlyForDeploymentPostprocessing = 0;
		};
/* End PBXFrameworksBuildPhase section */

/* Begin PBXGroup section */
		71481BEE1ECADB3900C877DA /* RMWebView */ = {
			isa = PBXGroup;
			children = (
				71481BEF1ECADB5800C877DA /* RMWebViewController.h */,
				71481BF01ECADB5800C877DA /* RMWebViewController.m */,
			);
			path = RMWebView;
			sourceTree = "<group>";
		};
		7154A2E11EC9D03F00EB20A1 = {
			isa = PBXGroup;
			children = (
				7154A2EC1EC9D03F00EB20A1 /* RMUrlRouter */,
				7154A3061EC9D03F00EB20A1 /* RMUrlRouterTests */,
				7154A3111EC9D03F00EB20A1 /* RMUrlRouterUITests */,
				7154A2EB1EC9D03F00EB20A1 /* Products */,
			);
			sourceTree = "<group>";
		};
		7154A2EB1EC9D03F00EB20A1 /* Products */ = {
			isa = PBXGroup;
			children = (
				7154A2EA1EC9D03F00EB20A1 /* RMUrlRouter.app */,
				7154A3031EC9D03F00EB20A1 /* RMUrlRouterTests.xctest */,
				7154A30E1EC9D03F00EB20A1 /* RMUrlRouterUITests.xctest */,
			);
			name = Products;
			sourceTree = "<group>";
		};
		7154A2EC1EC9D03F00EB20A1 /* RMUrlRouter */ = {
			isa = PBXGroup;
			children = (
				71481BEE1ECADB3900C877DA /* RMWebView */,
				7154A33F1EC9E0DB00EB20A1 /* Category */,
				7154A3361EC9D78400EB20A1 /* RMUrlRouter */,
				7154A2F01EC9D03F00EB20A1 /* AppDelegate.h */,
				7154A2F11EC9D03F00EB20A1 /* AppDelegate.m */,
				7154A2F31EC9D03F00EB20A1 /* ViewController.h */,
				7154A2F41EC9D03F00EB20A1 /* ViewController.m */,
				71481BF81ECAFF5B00C877DA /* FirstViewController.h */,
				71481BF91ECAFF5B00C877DA /* FirstViewController.m */,
				71481BFB1ECAFF6C00C877DA /* SecondViewController.h */,
				71481BFC1ECAFF6C00C877DA /* SecondViewController.m */,
				7154A2F61EC9D03F00EB20A1 /* Main.storyboard */,
				7154A2F91EC9D03F00EB20A1 /* Assets.xcassets */,
				7154A2FB1EC9D03F00EB20A1 /* LaunchScreen.storyboard */,
				7154A2FE1EC9D03F00EB20A1 /* Info.plist */,
				7154A2ED1EC9D03F00EB20A1 /* Supporting Files */,
			);
			path = RMUrlRouter;
			sourceTree = "<group>";
		};
		7154A2ED1EC9D03F00EB20A1 /* Supporting Files */ = {
			isa = PBXGroup;
			children = (
				7154A2EE1EC9D03F00EB20A1 /* main.m */,
			);
			name = "Supporting Files";
			sourceTree = "<group>";
		};
		7154A3061EC9D03F00EB20A1 /* RMUrlRouterTests */ = {
			isa = PBXGroup;
			children = (
				7154A3071EC9D03F00EB20A1 /* RMUrlRouterTests.m */,
				7154A3091EC9D03F00EB20A1 /* Info.plist */,
			);
			path = RMUrlRouterTests;
			sourceTree = "<group>";
		};
		7154A3111EC9D03F00EB20A1 /* RMUrlRouterUITests */ = {
			isa = PBXGroup;
			children = (
				7154A3121EC9D03F00EB20A1 /* RMUrlRouterUITests.m */,
				7154A3141EC9D03F00EB20A1 /* Info.plist */,
			);
			path = RMUrlRouterUITests;
			sourceTree = "<group>";
		};
		7154A3361EC9D78400EB20A1 /* RMUrlRouter */ = {
			isa = PBXGroup;
			children = (
				7154A3371EC9D7BD00EB20A1 /* RMUrlRouteCenter.h */,
				7154A3381EC9D7BD00EB20A1 /* RMUrlRouteCenter.m */,
				7154A33B1EC9DC3F00EB20A1 /* RMUrlRouteConfig.h */,
				7154A3431EC9E28300EB20A1 /* RMUrlRouteHelper.h */,
				7154A3441EC9E28300EB20A1 /* RMUrlRouteHelper.m */,
				71481BEA1ECA97E100C877DA /* RMUrlRouteList.h */,
				71481BEB1ECA97E100C877DA /* RMUrlRouteList.m */,
				71481BED1ECAB1E000C877DA /* RMUrlRoute.h */,
			);
			path = RMUrlRouter;
			sourceTree = "<group>";
		};
		7154A33F1EC9E0DB00EB20A1 /* Category */ = {
			isa = PBXGroup;
			children = (
				7154A3401EC9E0E700EB20A1 /* UIAlertView+RMExtension.h */,
				7154A3411EC9E0E700EB20A1 /* UIAlertView+RMExtension.m */,
				71481BF21ECADFC100C877DA /* UIApplication+RMExtension.h */,
				71481BF31ECADFC100C877DA /* UIApplication+RMExtension.m */,
				71481BF51ECAF57A00C877DA /* NSObject+RMRuntime.h */,
				71481BF61ECAF57A00C877DA /* NSObject+RMRuntime.m */,
			);
			path = Category;
			sourceTree = "<group>";
		};
/* End PBXGroup section */

/* Begin PBXNativeTarget section */
		7154A2E91EC9D03F00EB20A1 /* RMUrlRouter */ = {
			isa = PBXNativeTarget;
			buildConfigurationList = 7154A3171EC9D03F00EB20A1 /* Build configuration list for PBXNativeTarget "RMUrlRouter" */;
			buildPhases = (
				7154A2E61EC9D03F00EB20A1 /* Sources */,
				7154A2E71EC9D03F00EB20A1 /* Frameworks */,
				7154A2E81EC9D03F00EB20A1 /* Resources */,
			);
			buildRules = (
			);
			dependencies = (
			);
			name = RMUrlRouter;
			productName = RMUrlRouter;
			productReference = 7154A2EA1EC9D03F00EB20A1 /* RMUrlRouter.app */;
			productType = "com.apple.product-type.application";
		};
		7154A3021EC9D03F00EB20A1 /* RMUrlRouterTests */ = {
			isa = PBXNativeTarget;
			buildConfigurationList = 7154A31A1EC9D03F00EB20A1 /* Build configuration list for PBXNativeTarget "RMUrlRouterTests" */;
			buildPhases = (
				7154A2FF1EC9D03F00EB20A1 /* Sources */,
				7154A3001EC9D03F00EB20A1 /* Frameworks */,
				7154A3011EC9D03F00EB20A1 /* Resources */,
			);
			buildRules = (
			);
			dependencies = (
				7154A3051EC9D03F00EB20A1 /* PBXTargetDependency */,
			);
			name = RMUrlRouterTests;
			productName = RMUrlRouterTests;
			productReference = 7154A3031EC9D03F00EB20A1 /* RMUrlRouterTests.xctest */;
			productType = "com.apple.product-type.bundle.unit-test";
		};
		7154A30D1EC9D03F00EB20A1 /* RMUrlRouterUITests */ = {
			isa = PBXNativeTarget;
			buildConfigurationList = 7154A31D1EC9D03F00EB20A1 /* Build configuration list for PBXNativeTarget "RMUrlRouterUITests" */;
			buildPhases = (
				7154A30A1EC9D03F00EB20A1 /* Sources */,
				7154A30B1EC9D03F00EB20A1 /* Frameworks */,
				7154A30C1EC9D03F00EB20A1 /* Resources */,
			);
			buildRules = (
			);
			dependencies = (
				7154A3101EC9D03F00EB20A1 /* PBXTargetDependency */,
			);
			name = RMUrlRouterUITests;
			productName = RMUrlRouterUITests;
			productReference = 7154A30E1EC9D03F00EB20A1 /* RMUrlRouterUITests.xctest */;
			productType = "com.apple.product-type.bundle.ui-testing";
		};
/* End PBXNativeTarget section */

/* Begin PBXProject section */
		7154A2E21EC9D03F00EB20A1 /* Project object */ = {
			isa = PBXProject;
			attributes = {
				LastUpgradeCheck = 0830;
				ORGANIZATIONNAME = ohhh;
				TargetAttributes = {
					7154A2E91EC9D03F00EB20A1 = {
						CreatedOnToolsVersion = 8.3.2;
						DevelopmentTeam = 298VK6UU46;
						ProvisioningStyle = Automatic;
					};
					7154A3021EC9D03F00EB20A1 = {
						CreatedOnToolsVersion = 8.3.2;
						ProvisioningStyle = Automatic;
						TestTargetID = 7154A2E91EC9D03F00EB20A1;
					};
					7154A30D1EC9D03F00EB20A1 = {
						CreatedOnToolsVersion = 8.3.2;
						ProvisioningStyle = Automatic;
						TestTargetID = 7154A2E91EC9D03F00EB20A1;
					};
				};
			};
			buildConfigurationList = 7154A2E51EC9D03F00EB20A1 /* Build configuration list for PBXProject "RMUrlRouter" */;
			compatibilityVersion = "Xcode 3.2";
			developmentRegion = English;
			hasScannedForEncodings = 0;
			knownRegions = (
				en,
				Base,
			);
			mainGroup = 7154A2E11EC9D03F00EB20A1;
			productRefGroup = 7154A2EB1EC9D03F00EB20A1 /* Products */;
			projectDirPath = "";
			projectRoot = "";
			targets = (
				7154A2E91EC9D03F00EB20A1 /* RMUrlRouter */,
				7154A3021EC9D03F00EB20A1 /* RMUrlRouterTests */,
				7154A30D1EC9D03F00EB20A1 /* RMUrlRouterUITests */,
			);
		};
/* End PBXProject section */

/* Begin PBXResourcesBuildPhase section */
		7154A2E81EC9D03F00EB20A1 /* Resources */ = {
			isa = PBXResourcesBuildPhase;
			buildActionMask = 2147483647;
			files = (
				7154A2FD1EC9D03F00EB20A1 /* LaunchScreen.storyboard in Resources */,
				7154A2FA1EC9D03F00EB20A1 /* Assets.xcassets in Resources */,
				7154A2F81EC9D03F00EB20A1 /* Main.storyboard in Resources */,
			);
			runOnlyForDeploymentPostprocessing = 0;
		};
		7154A3011EC9D03F00EB20A1 /* Resources */ = {
			isa = PBXResourcesBuildPhase;
			buildActionMask = 2147483647;
			files = (
			);
			runOnlyForDeploymentPostprocessing = 0;
		};
		7154A30C1EC9D03F00EB20A1 /* Resources */ = {
			isa = PBXResourcesBuildPhase;
			buildActionMask = 2147483647;
			files = (
			);
			runOnlyForDeploymentPostprocessing = 0;
		};
/* End PBXResourcesBuildPhase section */

/* Begin PBXSourcesBuildPhase section */
		7154A2E61EC9D03F00EB20A1 /* Sources */ = {
			isa = PBXSourcesBuildPhase;
			buildActionMask = 2147483647;
			files = (
				71481BFD1ECAFF6C00C877DA /* SecondViewController.m in Sources */,
				71481BFA1ECAFF5B00C877DA /* FirstViewController.m in Sources */,
				7154A2F51EC9D03F00EB20A1 /* ViewController.m in Sources */,
				7154A3421EC9E0E700EB20A1 /* UIAlertView+RMExtension.m in Sources */,
				71481BF41ECADFC100C877DA /* UIApplication+RMExtension.m in Sources */,
				71481BF71ECAF57A00C877DA /* NSObject+RMRuntime.m in Sources */,
				7154A2F21EC9D03F00EB20A1 /* AppDelegate.m in Sources */,
				7154A2EF1EC9D03F00EB20A1 /* main.m in Sources */,
				71481BF11ECADB5800C877DA /* RMWebViewController.m in Sources */,
				71481BEC1ECA97E100C877DA /* RMUrlRouteList.m in Sources */,
				7154A3451EC9E28300EB20A1 /* RMUrlRouteHelper.m in Sources */,
				7154A3391EC9D7BD00EB20A1 /* RMUrlRouteCenter.m in Sources */,
			);
			runOnlyForDeploymentPostprocessing = 0;
		};
		7154A2FF1EC9D03F00EB20A1 /* Sources */ = {
			isa = PBXSourcesBuildPhase;
			buildActionMask = 2147483647;
			files = (
				7154A3081EC9D03F00EB20A1 /* RMUrlRouterTests.m in Sources */,
			);
			runOnlyForDeploymentPostprocessing = 0;
		};
		7154A30A1EC9D03F00EB20A1 /* Sources */ = {
			isa = PBXSourcesBuildPhase;
			buildActionMask = 2147483647;
			files = (
				7154A3131EC9D03F00EB20A1 /* RMUrlRouterUITests.m in Sources */,
			);
			runOnlyForDeploymentPostprocessing = 0;
		};
/* End PBXSourcesBuildPhase section */

/* Begin PBXTargetDependency section */
		7154A3051EC9D03F00EB20A1 /* PBXTargetDependency */ = {
			isa = PBXTargetDependency;
			target = 7154A2E91EC9D03F00EB20A1 /* RMUrlRouter */;
			targetProxy = 7154A3041EC9D03F00EB20A1 /* PBXContainerItemProxy */;
		};
		7154A3101EC9D03F00EB20A1 /* PBXTargetDependency */ = {
			isa = PBXTargetDependency;
			target = 7154A2E91EC9D03F00EB20A1 /* RMUrlRouter */;
			targetProxy = 7154A30F1EC9D03F00EB20A1 /* PBXContainerItemProxy */;
		};
/* End PBXTargetDependency section */

/* Begin PBXVariantGroup section */
		7154A2F61EC9D03F00EB20A1 /* Main.storyboard */ = {
			isa = PBXVariantGroup;
			children = (
				7154A2F71EC9D03F00EB20A1 /* Base */,
			);
			name = Main.storyboard;
			sourceTree = "<group>";
		};
		7154A2FB1EC9D03F00EB20A1 /* LaunchScreen.storyboard */ = {
			isa = PBXVariantGroup;
			children = (
				7154A2FC1EC9D03F00EB20A1 /* Base */,
			);
			name = LaunchScreen.storyboard;
			sourceTree = "<group>";
		};
/* End PBXVariantGroup section */

/* Begin XCBuildConfiguration section */
		7154A3151EC9D03F00EB20A1 /* Debug */ = {
			isa = XCBuildConfiguration;
			buildSettings = {
				ALWAYS_SEARCH_USER_PATHS = NO;
				CLANG_ANALYZER_NONNULL = YES;
				CLANG_ANALYZER_NUMBER_OBJECT_CONVERSION = YES_AGGRESSIVE;
				CLANG_CXX_LANGUAGE_STANDARD = "gnu++0x";
				CLANG_CXX_LIBRARY = "libc++";
				CLANG_ENABLE_MODULES = YES;
				CLANG_ENABLE_OBJC_ARC = YES;
				CLANG_WARN_BOOL_CONVERSION = YES;
				CLANG_WARN_CONSTANT_CONVERSION = YES;
				CLANG_WARN_DIRECT_OBJC_ISA_USAGE = YES_ERROR;
				CLANG_WARN_DOCUMENTATION_COMMENTS = YES;
				CLANG_WARN_EMPTY_BODY = YES;
				CLANG_WARN_ENUM_CONVERSION = YES;
				CLANG_WARN_INFINITE_RECURSION = YES;
				CLANG_WARN_INT_CONVERSION = YES;
				CLANG_WARN_OBJC_ROOT_CLASS = YES_ERROR;
				CLANG_WARN_SUSPICIOUS_MOVE = YES;
				CLANG_WARN_UNREACHABLE_CODE = YES;
				CLANG_WARN__DUPLICATE_METHOD_MATCH = YES;
				"CODE_SIGN_IDENTITY[sdk=iphoneos*]" = "iPhone Developer";
				COPY_PHASE_STRIP = NO;
				DEBUG_INFORMATION_FORMAT = dwarf;
				ENABLE_STRICT_OBJC_MSGSEND = YES;
				ENABLE_TESTABILITY = YES;
				GCC_C_LANGUAGE_STANDARD = gnu99;
				GCC_DYNAMIC_NO_PIC = NO;
				GCC_NO_COMMON_BLOCKS = YES;
				GCC_OPTIMIZATION_LEVEL = 0;
				GCC_PREPROCESSOR_DEFINITIONS = (
					"DEBUG=1",
					"$(inherited)",
				);
				GCC_WARN_64_TO_32_BIT_CONVERSION = YES;
				GCC_WARN_ABOUT_RETURN_TYPE = YES_ERROR;
				GCC_WARN_UNDECLARED_SELECTOR = YES;
				GCC_WARN_UNINITIALIZED_AUTOS = YES_AGGRESSIVE;
				GCC_WARN_UNUSED_FUNCTION = YES;
				GCC_WARN_UNUSED_VARIABLE = YES;
				IPHONEOS_DEPLOYMENT_TARGET = 10.3;
				MTL_ENABLE_DEBUG_INFO = YES;
				ONLY_ACTIVE_ARCH = YES;
				SDKROOT = iphoneos;
				TARGETED_DEVICE_FAMILY = "1,2";
			};
			name = Debug;
		};
		7154A3161EC9D03F00EB20A1 /* Release */ = {
			isa = XCBuildConfiguration;
			buildSettings = {
				ALWAYS_SEARCH_USER_PATHS = NO;
				CLANG_ANALYZER_NONNULL = YES;
				CLANG_ANALYZER_NUMBER_OBJECT_CONVERSION = YES_AGGRESSIVE;
				CLANG_CXX_LANGUAGE_STANDARD = "gnu++0x";
				CLANG_CXX_LIBRARY = "libc++";
				CLANG_ENABLE_MODULES = YES;
				CLANG_ENABLE_OBJC_ARC = YES;
				CLANG_WARN_BOOL_CONVERSION = YES;
				CLANG_WARN_CONSTANT_CONVERSION = YES;
				CLANG_WARN_DIRECT_OBJC_ISA_USAGE = YES_ERROR;
				CLANG_WARN_DOCUMENTATION_COMMENTS = YES;
				CLANG_WARN_EMPTY_BODY = YES;
				CLANG_WARN_ENUM_CONVERSION = YES;
				CLANG_WARN_INFINITE_RECURSION = YES;
				CLANG_WARN_INT_CONVERSION = YES;
				CLANG_WARN_OBJC_ROOT_CLASS = YES_ERROR;
				CLANG_WARN_SUSPICIOUS_MOVE = YES;
				CLANG_WARN_UNREACHABLE_CODE = YES;
				CLANG_WARN__DUPLICATE_METHOD_MATCH = YES;
				"CODE_SIGN_IDENTITY[sdk=iphoneos*]" = "iPhone Developer";
				COPY_PHASE_STRIP = NO;
				DEBUG_INFORMATION_FORMAT = "dwarf-with-dsym";
				ENABLE_NS_ASSERTIONS = NO;
				ENABLE_STRICT_OBJC_MSGSEND = YES;
				GCC_C_LANGUAGE_STANDARD = gnu99;
				GCC_NO_COMMON_BLOCKS = YES;
				GCC_WARN_64_TO_32_BIT_CONVERSION = YES;
				GCC_WARN_ABOUT_RETURN_TYPE = YES_ERROR;
				GCC_WARN_UNDECLARED_SELECTOR = YES;
				GCC_WARN_UNINITIALIZED_AUTOS = YES_AGGRESSIVE;
				GCC_WARN_UNUSED_FUNCTION = YES;
				GCC_WARN_UNUSED_VARIABLE = YES;
				IPHONEOS_DEPLOYMENT_TARGET = 10.3;
				MTL_ENABLE_DEBUG_INFO = NO;
				SDKROOT = iphoneos;
				TARGETED_DEVICE_FAMILY = "1,2";
				VALIDATE_PRODUCT = YES;
			};
			name = Release;
		};
		7154A3181EC9D03F00EB20A1 /* Debug */ = {
			isa = XCBuildConfiguration;
			buildSettings = {
				ASSETCATALOG_COMPILER_APPICON_NAME = AppIcon;
				DEVELOPMENT_TEAM = 298VK6UU46;
				INFOPLIST_FILE = RMUrlRouter/Info.plist;
				LD_RUNPATH_SEARCH_PATHS = "$(inherited) @executable_path/Frameworks";
				PRODUCT_BUNDLE_IDENTIFIER = ohhh.RMUrlRouter;
				PRODUCT_NAME = "$(TARGET_NAME)";
			};
			name = Debug;
		};
		7154A3191EC9D03F00EB20A1 /* Release */ = {
			isa = XCBuildConfiguration;
			buildSettings = {
				ASSETCATALOG_COMPILER_APPICON_NAME = AppIcon;
				DEVELOPMENT_TEAM = 298VK6UU46;
				INFOPLIST_FILE = RMUrlRouter/Info.plist;
				LD_RUNPATH_SEARCH_PATHS = "$(inherited) @executable_path/Frameworks";
				PRODUCT_BUNDLE_IDENTIFIER = ohhh.RMUrlRouter;
				PRODUCT_NAME = "$(TARGET_NAME)";
			};
			name = Release;
		};
		7154A31B1EC9D03F00EB20A1 /* Debug */ = {
			isa = XCBuildConfiguration;
			buildSettings = {
				BUNDLE_LOADER = "$(TEST_HOST)";
				INFOPLIST_FILE = RMUrlRouterTests/Info.plist;
				LD_RUNPATH_SEARCH_PATHS = "$(inherited) @executable_path/Frameworks @loader_path/Frameworks";
				PRODUCT_BUNDLE_IDENTIFIER = ohhh.RMUrlRouterTests;
				PRODUCT_NAME = "$(TARGET_NAME)";
				TEST_HOST = "$(BUILT_PRODUCTS_DIR)/RMUrlRouter.app/RMUrlRouter";
			};
			name = Debug;
		};
		7154A31C1EC9D03F00EB20A1 /* Release */ = {
			isa = XCBuildConfiguration;
			buildSettings = {
				BUNDLE_LOADER = "$(TEST_HOST)";
				INFOPLIST_FILE = RMUrlRouterTests/Info.plist;
				LD_RUNPATH_SEARCH_PATHS = "$(inherited) @executable_path/Frameworks @loader_path/Frameworks";
				PRODUCT_BUNDLE_IDENTIFIER = ohhh.RMUrlRouterTests;
				PRODUCT_NAME = "$(TARGET_NAME)";
				TEST_HOST = "$(BUILT_PRODUCTS_DIR)/RMUrlRouter.app/RMUrlRouter";
			};
			name = Release;
		};
		7154A31E1EC9D03F00EB20A1 /* Debug */ = {
			isa = XCBuildConfiguration;
			buildSettings = {
				INFOPLIST_FILE = RMUrlRouterUITests/Info.plist;
				LD_RUNPATH_SEARCH_PATHS = "$(inherited) @executable_path/Frameworks @loader_path/Frameworks";
				PRODUCT_BUNDLE_IDENTIFIER = ohhh.RMUrlRouterUITests;
				PRODUCT_NAME = "$(TARGET_NAME)";
				TEST_TARGET_NAME = RMUrlRouter;
			};
			name = Debug;
		};
		7154A31F1EC9D03F00EB20A1 /* Release */ = {
			isa = XCBuildConfiguration;
			buildSettings = {
				INFOPLIST_FILE = RMUrlRouterUITests/Info.plist;
				LD_RUNPATH_SEARCH_PATHS = "$(inherited) @executable_path/Frameworks @loader_path/Frameworks";
				PRODUCT_BUNDLE_IDENTIFIER = ohhh.RMUrlRouterUITests;
				PRODUCT_NAME = "$(TARGET_NAME)";
				TEST_TARGET_NAME = RMUrlRouter;
			};
			name = Release;
		};
/* End XCBuildConfiguration section */

/* Begin XCConfigurationList section */
		7154A2E51EC9D03F00EB20A1 /* Build configuration list for PBXProject "RMUrlRouter" */ = {
			isa = XCConfigurationList;
			buildConfigurations = (
				7154A3151EC9D03F00EB20A1 /* Debug */,
				7154A3161EC9D03F00EB20A1 /* Release */,
			);
			defaultConfigurationIsVisible = 0;
			defaultConfigurationName = Release;
		};
		7154A3171EC9D03F00EB20A1 /* Build configuration list for PBXNativeTarget "RMUrlRouter" */ = {
			isa = XCConfigurationList;
			buildConfigurations = (
				7154A3181EC9D03F00EB20A1 /* Debug */,
				7154A3191EC9D03F00EB20A1 /* Release */,
			);
			defaultConfigurationIsVisible = 0;
			defaultConfigurationName = Release;
		};
		7154A31A1EC9D03F00EB20A1 /* Build configuration list for PBXNativeTarget "RMUrlRouterTests" */ = {
			isa = XCConfigurationList;
			buildConfigurations = (
				7154A31B1EC9D03F00EB20A1 /* Debug */,
				7154A31C1EC9D03F00EB20A1 /* Release */,
			);
			defaultConfigurationIsVisible = 0;
			defaultConfigurationName = Release;
		};
		7154A31D1EC9D03F00EB20A1 /* Build configuration list for PBXNativeTarget "RMUrlRouterUITests" */ = {
			isa = XCConfigurationList;
			buildConfigurations = (
				7154A31E1EC9D03F00EB20A1 /* Debug */,
				7154A31F1EC9D03F00EB20A1 /* Release */,
			);
			defaultConfigurationIsVisible = 0;
			defaultConfigurationName = Release;
		};
/* End XCConfigurationList section */
	};
	rootObject = 7154A2E21EC9D03F00EB20A1 /* Project object */;
}
